// !$*UTF8*$!
{
	archiveVersion = 1;
	classes = {
	};
	objectVersion = 56;
	objects = {

/* Begin PBXBuildFile section */
			A00000000000000000000001 /* HelloWorldAppApp.swift in Sources */ = {isa = PBXBuildFile; fileRef = A00000000000000000000011 /* HelloWorldAppApp.swift */; };
			A00000000000000000000002 /* ContentView.swift in Sources */ = {isa = PBXBuildFile; fileRef = A00000000000000000000012 /* ContentView.swift */; };
			A00000000000000000000003 /* Assets.xcassets in Resources */ = {isa = PBXBuildFile; fileRef = A00000000000000000000013 /* Assets.xcassets */; };
/* End PBXBuildFile section */

/* Begin PBXFileReference section */
			A00000000000000000000010 /* HelloWorldApp.app */ = {isa = PBXFileReference; explicitFileType = wrapper.application; includeInIndex = 0; path = HelloWorldApp.app; sourceTree = BUILT_PRODUCTS_DIR; };
			A00000000000000000000011 /* HelloWorldAppApp.swift */ = {isa = PBXFileReference; lastKnownFileType = sourcecode.swift; path = HelloWorldAppApp.swift; sourceTree = "<group>"; };
			A00000000000000000000012 /* ContentView.swift */ = {isa = PBXFileReference; lastKnownFileType = sourcecode.swift; path = ContentView.swift; sourceTree = "<group>"; };
			A00000000000000000000013 /* Assets.xcassets */ = {isa = PBXFileReference; lastKnownFileType = folder.assetcatalog; path = Assets.xcassets; sourceTree = "<group>"; };
/* End PBXFileReference section */

/* Begin PBXFrameworksBuildPhase section */
			A00000000000000000000020 /* Frameworks */ = {
				isa = PBXFrameworksBuildPhase;
				buildActionMask = 2147483647;
				files = (
				);
				runOnlyForDeploymentPostprocessing = 0;
			};
/* End PBXFrameworksBuildPhase section */

/* Begin PBXGroup section */
			A00000000000000000000030 = {
				isa = PBXGroup;
				children = (
					A00000000000000000000031 /* HelloWorldApp */,
					A00000000000000000000032 /* Products */,
				);
				sourceTree = "<group>";
			};
			A00000000000000000000031 /* HelloWorldApp */ = {
				isa = PBXGroup;
				children = (
					A00000000000000000000011 /* HelloWorldAppApp.swift */,
					A00000000000000000000012 /* ContentView.swift */,
					A00000000000000000000013 /* Assets.xcassets */,
				);
				path = HelloWorldApp;
				sourceTree = "<group>";
			};
			A00000000000000000000032 /* Products */ = {
				isa = PBXGroup;
				children = (
					A00000000000000000000010 /* HelloWorldApp.app */,
				);
				name = Products;
				path = "";
				sourceTree = "<group>";
			};
/* End PBXGroup section */

/* Begin PBXNativeTarget section */
			A00000000000000000000040 /* HelloWorldApp */ = {
				isa = PBXNativeTarget;
				buildConfigurationList = A00000000000000000000060 /* Build configuration list for PBXNativeTarget "HelloWorldApp" */;
				buildPhases = (
					A00000000000000000000041 /* Sources */,
					A00000000000000000000020 /* Frameworks */,
					A00000000000000000000042 /* Resources */,
				);
				buildRules = (
				);
				dependencies = (
				);
				name = HelloWorldApp;
				productName = HelloWorldApp;
				productReference = A00000000000000000000010 /* HelloWorldApp.app */;
				productType = "com.apple.product-type.application";
			};
/* End PBXNativeTarget section */

/* Begin PBXProject section */
			A00000000000000000000050 /* Project object */ = {
				isa = PBXProject;
				attributes = {
					BuildIndependentTargetsInParallel = 1;
					LastSwiftUpdateCheck = 1600;
					LastUpgradeCheck = 1600;
				};
				buildConfigurationList = A00000000000000000000070 /* Build configuration list for PBXProject "HelloWorldApp" */;
				compatibilityVersion = "Xcode 14.0";
				developmentRegion = en;
				knownRegions = (
					en,
					Base,
				);
				mainGroup = A00000000000000000000030;
				productRefGroup = A00000000000000000000032 /* Products */;
				projectDirPath = "";
				projectRoot = "";
				targets = (
					A00000000000000000000040 /* HelloWorldApp */,
				);
			};
/* End PBXProject section */

/* Begin PBXResourcesBuildPhase section */
			A00000000000000000000042 /* Resources */ = {
				isa = PBXResourcesBuildPhase;
				buildActionMask = 2147483647;
				files = (
					A00000000000000000000003 /* Assets.xcassets in Resources */,
				);
				runOnlyForDeploymentPostprocessing = 0;
			};
/* End PBXResourcesBuildPhase section */

/* Begin PBXSourcesBuildPhase section */
			A00000000000000000000041 /* Sources */ = {
				isa = PBXSourcesBuildPhase;
				buildActionMask = 2147483647;
				files = (
					A00000000000000000000001 /* HelloWorldAppApp.swift in Sources */,
					A00000000000000000000002 /* ContentView.swift in Sources */,
				);
				runOnlyForDeploymentPostprocessing = 0;
			};
/* End PBXSourcesBuildPhase section */

/* Begin XCBuildConfiguration section */
			A00000000000000000000061 /* Debug */ = {
				isa = XCBuildConfiguration;
				buildSettings = {
					ALWAYS_SEARCH_USER_PATHS = NO;
					CLANG_ENABLE_MODULES = YES;
					CODE_SIGN_IDENTITY = "";
					CODE_SIGNING_REQUIRED = NO;
					CODE_SIGNING_ALLOWED = NO;
					CURRENT_PROJECT_VERSION = 1;
					DEVELOPMENT_TEAM = "";
					ENABLE_PREVIEWS = YES;
					GENERATE_INFOPLIST_FILE = YES;
					INFOPLIST_KEY_UIApplicationSceneManifest_Generation = YES;
					INFOPLIST_KEY_UIApplicationSupportsIndirectInputEvents = YES;
					INFOPLIST_KEY_UILaunchScreen_Generation = YES;
					IPHONEOS_DEPLOYMENT_TARGET = 17.0;
					LD_RUNPATH_SEARCH_PATHS = (
						"$(inherited)",
						"@executable_path/Frameworks",
					);
					PRODUCT_BUNDLE_IDENTIFIER = com.example.HelloWorldApp;
					PRODUCT_NAME = "$(TARGET_NAME)";
					SWIFT_EMIT_LOC_STRINGS = YES;
					SWIFT_VERSION = 5.0;
					TARGETED_DEVICE_FAMILY = "1,2";
				};
				name = Debug;
			};
			A00000000000000000000062 /* Release */ = {
				isa = XCBuildConfiguration;
				buildSettings = {
					ALWAYS_SEARCH_USER_PATHS = NO;
					CLANG_ENABLE_MODULES = YES;
					CODE_SIGN_IDENTITY = "";
					CODE_SIGNING_REQUIRED = NO;
					CODE_SIGNING_ALLOWED = NO;
					CURRENT_PROJECT_VERSION = 1;
					DEVELOPMENT_TEAM = "";
					ENABLE_PREVIEWS = YES;
					GENERATE_INFOPLIST_FILE = YES;
					INFOPLIST_KEY_UIApplicationSceneManifest_Generation = YES;
					INFOPLIST_KEY_UIApplicationSupportsIndirectInputEvents = YES;
					INFOPLIST_KEY_UILaunchScreen_Generation = YES;
					IPHONEOS_DEPLOYMENT_TARGET = 17.0;
					LD_RUNPATH_SEARCH_PATHS = (
						"$(inherited)",
						"@executable_path/Frameworks",
					);
					PRODUCT_BUNDLE_IDENTIFIER = com.example.HelloWorldApp;
					PRODUCT_NAME = "$(TARGET_NAME)";
					SWIFT_EMIT_LOC_STRINGS = YES;
					SWIFT_VERSION = 5.0;
					TARGETED_DEVICE_FAMILY = "1,2";
				};
				name = Release;
			};
			A00000000000000000000071 /* Debug */ = {
				isa = XCBuildConfiguration;
				buildSettings = {
					ALWAYS_SEARCH_USER_PATHS = NO;
					CLANG_ENABLE_MODULES = YES;
					CODE_SIGN_IDENTITY = "";
					CODE_SIGNING_REQUIRED = NO;
					CODE_SIGNING_ALLOWED = NO;
					SDKROOT = iphoneos;
				};
				name = Debug;
			};
			A00000000000000000000072 /* Release */ = {
				isa = XCBuildConfiguration;
				buildSettings = {
					ALWAYS_SEARCH_USER_PATHS = NO;
					CLANG_ENABLE_MODULES = YES;
					CODE_SIGN_IDENTITY = "";
					CODE_SIGNING_REQUIRED = NO;
					CODE_SIGNING_ALLOWED = NO;
					SDKROOT = iphoneos;
				};
				name = Release;
			};
/* End XCBuildConfiguration section */

/* Begin XCConfigurationList section */
			A00000000000000000000060 /* Build configuration list for PBXNativeTarget "HelloWorldApp" */ = {
				isa = XCConfigurationList;
				buildConfigurations = (
					A00000000000000000000061 /* Debug */,
					A00000000000000000000062 /* Release */,
				);
				defaultConfigurationIsVisible = 0;
				defaultConfigurationName = Release;
			};
			A00000000000000000000070 /* Build configuration list for PBXProject "HelloWorldApp" */ = {
				isa = XCConfigurationList;
				buildConfigurations = (
					A00000000000000000000071 /* Debug */,
					A00000000000000000000072 /* Release */,
				);
				defaultConfigurationIsVisible = 0;
				defaultConfigurationName = Release;
			};
/* End XCConfigurationList section */
		};
		rootObject = A00000000000000000000050 /* Project object */;
}
